
Microsoft Visual Studio Solution File, Format Version 12.00
# Visual Studio Version 17
VisualStudioVersion = 17.11.35431.28
MinimumVisualStudioVersion = 10.0.40219.1
Project("{9A19103F-16F7-4668-BE54-9A1E7A4F7556}") = "Item0027", "Item0027\Item0027.csproj", "{EF004D19-EAD7-424D-8111-134324C06551}"
	ProjectSection(ProjectDependencies) = postProject
		{11387E9A-34D2-4A22-A200-673E015E3FBE} = {11387E9A-34D2-4A22-A200-673E015E3FBE}
	EndProjectSection
EndProject
Project("{9A19103F-16F7-4668-BE54-9A1E7A4F7556}") = "Item0026", "Item0026\Item0026.csproj", "{B8F19754-73EE-44BF-A012-572E8AFAD941}"
	ProjectSection(ProjectDependencies) = postProject
		{11387E9A-34D2-4A22-A200-673E015E3FBE} = {11387E9A-34D2-4A22-A200-673E015E3FBE}
	EndProjectSection
EndProject
Project("{9A19103F-16F7-4668-BE54-9A1E7A4F7556}") = "Item0080", "Item0080\Item0080.csproj", "{C444A40B-5D45-471A-B43D-3E856CC35A02}"
	ProjectSection(ProjectDependencies) = postProject
		{11387E9A-34D2-4A22-A200-673E015E3FBE} = {11387E9A-34D2-4A22-A200-673E015E3FBE}
	EndProjectSection
EndProject
Project("{9A19103F-16F7-4668-BE54-9A1E7A4F7556}") = "Item0088", "Item0088\Item0088.csproj", "{9C33F11F-84BB-4D18-8B2C-E045031FFACB}"
	ProjectSection(ProjectDependencies) = postProject
		{11387E9A-34D2-4A22-A200-673E015E3FBE} = {11387E9A-34D2-4A22-A200-673E015E3FBE}
	EndProjectSection
EndProject
Project("{9A19103F-16F7-4668-BE54-9A1E7A4F7556}") = "Utility", "Utility\Utility.csproj", "{11387E9A-34D2-4A22-A200-673E015E3FBE}"
EndProject
Project("{9A19103F-16F7-4668-BE54-9A1E7A4F7556}") = "Item0169", "Item0169\Item0169.csproj", "{E39CFB9A-31B1-49A9-A8D5-5E577833438F}"
EndProject
Project("{FAE04EC0-301F-11D3-BF4B-00C04F79EFBC}") = "Item0189", "Item0189\Item0189.csproj", "{F88995A7-CB53-4A13-91DD-4787BAE4EBE0}"
EndProject
Project("{FAE04EC0-301F-11D3-BF4B-00C04F79EFBC}") = "Item0121", "Item0121\Item0121.csproj", "{AF32CAAB-B8E0-499E-A864-1AE84098EDEE}"
EndProject
Project("{FAE04EC0-301F-11D3-BF4B-00C04F79EFBC}") = "Item0150", "Item0150\Item0150.csproj", "{A2A9D93B-439B-4F89-8D57-D6992A6FF5F1}"
EndProject
Project("{FAE04EC0-301F-11D3-BF4B-00C04F79EFBC}") = "Item0058", "Item0058\Item0058.csproj", "{88876434-41A7-49F1-9711-DE4B4C09E60D}"
EndProject
Project("{FAE04EC0-301F-11D3-BF4B-00C04F79EFBC}") = "Item0014", "Item0014\Item0014.csproj", "{9A9124AD-8F35-4A0C-83FC-F42C3566277A}"
EndProject
Global
	GlobalSection(SolutionConfigurationPlatforms) = preSolution
		Debug|Any CPU = Debug|Any CPU
		Release|Any CPU = Release|Any CPU
	EndGlobalSection
	GlobalSection(ProjectConfigurationPlatforms) = postSolution
		{EF004D19-EAD7-424D-8111-134324C06551}.Debug|Any CPU.ActiveCfg = Debug|Any CPU
		{EF004D19-EAD7-424D-8111-134324C06551}.Debug|Any CPU.Build.0 = Debug|Any CPU
		{EF004D19-EAD7-424D-8111-134324C06551}.Release|Any CPU.ActiveCfg = Release|Any CPU
		{EF004D19-EAD7-424D-8111-134324C06551}.Release|Any CPU.Build.0 = Release|Any CPU
		{B8F19754-73EE-44BF-A012-572E8AFAD941}.Debug|Any CPU.ActiveCfg = Debug|Any CPU
		{B8F19754-73EE-44BF-A012-572E8AFAD941}.Debug|Any CPU.Build.0 = Debug|Any CPU
		{B8F19754-73EE-44BF-A012-572E8AFAD941}.Release|Any CPU.ActiveCfg = Release|Any CPU
		{B8F19754-73EE-44BF-A012-572E8AFAD941}.Release|Any CPU.Build.0 = Release|Any CPU
		{C444A40B-5D45-471A-B43D-3E856CC35A02}.Debug|Any CPU.ActiveCfg = Debug|Any CPU
		{C444A40B-5D45-471A-B43D-3E856CC35A02}.Debug|Any CPU.Build.0 = Debug|Any CPU
		{C444A40B-5D45-471A-B43D-3E856CC35A02}.Release|Any CPU.ActiveCfg = Release|Any CPU
		{C444A40B-5D45-471A-B43D-3E856CC35A02}.Release|Any CPU.Build.0 = Release|Any CPU
		{9C33F11F-84BB-4D18-8B2C-E045031FFACB}.Debug|Any CPU.ActiveCfg = Debug|Any CPU
		{9C33F11F-84BB-4D18-8B2C-E045031FFACB}.Debug|Any CPU.Build.0 = Debug|Any CPU
		{9C33F11F-84BB-4D18-8B2C-E045031FFACB}.Release|Any CPU.ActiveCfg = Release|Any CPU
		{9C33F11F-84BB-4D18-8B2C-E045031FFACB}.Release|Any CPU.Build.0 = Release|Any CPU
		{11387E9A-34D2-4A22-A200-673E015E3FBE}.Debug|Any CPU.ActiveCfg = Debug|Any CPU
		{11387E9A-34D2-4A22-A200-673E015E3FBE}.Debug|Any CPU.Build.0 = Debug|Any CPU
		{11387E9A-34D2-4A22-A200-673E015E3FBE}.Release|Any CPU.ActiveCfg = Release|Any CPU
		{11387E9A-34D2-4A22-A200-673E015E3FBE}.Release|Any CPU.Build.0 = Release|Any CPU
		{E39CFB9A-31B1-49A9-A8D5-5E577833438F}.Debug|Any CPU.ActiveCfg = Debug|Any CPU
		{E39CFB9A-31B1-49A9-A8D5-5E577833438F}.Debug|Any CPU.Build.0 = Debug|Any CPU
		{E39CFB9A-31B1-49A9-A8D5-5E577833438F}.Release|Any CPU.ActiveCfg = Release|Any CPU
		{E39CFB9A-31B1-49A9-A8D5-5E577833438F}.Release|Any CPU.Build.0 = Release|Any CPU
		{F88995A7-CB53-4A13-91DD-4787BAE4EBE0}.Debug|Any CPU.ActiveCfg = Debug|Any CPU
		{F88995A7-CB53-4A13-91DD-4787BAE4EBE0}.Debug|Any CPU.Build.0 = Debug|Any CPU
		{F88995A7-CB53-4A13-91DD-4787BAE4EBE0}.Release|Any CPU.ActiveCfg = Release|Any CPU
		{F88995A7-CB53-4A13-91DD-4787BAE4EBE0}.Release|Any CPU.Build.0 = Release|Any CPU
		{AF32CAAB-B8E0-499E-A864-1AE84098EDEE}.Debug|Any CPU.ActiveCfg = Debug|Any CPU
		{AF32CAAB-B8E0-499E-A864-1AE84098EDEE}.Debug|Any CPU.Build.0 = Debug|Any CPU
		{AF32CAAB-B8E0-499E-A864-1AE84098EDEE}.Release|Any CPU.ActiveCfg = Release|Any CPU
		{AF32CAAB-B8E0-499E-A864-1AE84098EDEE}.Release|Any CPU.Build.0 = Release|Any CPU
		{A2A9D93B-439B-4F89-8D57-D6992A6FF5F1}.Debug|Any CPU.ActiveCfg = Debug|Any CPU
		{A2A9D93B-439B-4F89-8D57-D6992A6FF5F1}.Debug|Any CPU.Build.0 = Debug|Any CPU
		{A2A9D93B-439B-4F89-8D57-D6992A6FF5F1}.Release|Any CPU.ActiveCfg = Release|Any CPU
		{A2A9D93B-439B-4F89-8D57-D6992A6FF5F1}.Release|Any CPU.Build.0 = Release|Any CPU
		{88876434-41A7-49F1-9711-DE4B4C09E60D}.Debug|Any CPU.ActiveCfg = Debug|Any CPU
		{88876434-41A7-49F1-9711-DE4B4C09E60D}.Debug|Any CPU.Build.0 = Debug|Any CPU
		{88876434-41A7-49F1-9711-DE4B4C09E60D}.Release|Any CPU.ActiveCfg = Release|Any CPU
		{88876434-41A7-49F1-9711-DE4B4C09E60D}.Release|Any CPU.Build.0 = Release|Any CPU
		{9A9124AD-8F35-4A0C-83FC-F42C3566277A}.Debug|Any CPU.ActiveCfg = Debug|Any CPU
		{9A9124AD-8F35-4A0C-83FC-F42C3566277A}.Debug|Any CPU.Build.0 = Debug|Any CPU
		{9A9124AD-8F35-4A0C-83FC-F42C3566277A}.Release|Any CPU.ActiveCfg = Release|Any CPU
		{9A9124AD-8F35-4A0C-83FC-F42C3566277A}.Release|Any CPU.Build.0 = Release|Any CPU
	EndGlobalSection
	GlobalSection(SolutionProperties) = preSolution
		HideSolutionNode = FALSE
	EndGlobalSection
	GlobalSection(ExtensibilityGlobals) = postSolution
		SolutionGuid = {65967048-4C1D-440E-A57D-17517145104E}
	EndGlobalSection
EndGlobal
